
Microsoft Visual Studio Solution File, Format Version 12.00
# Visual Studio Version 16
VisualStudioVersion = 16.0.31424.327
MinimumVisualStudioVersion = 10.0.40219.1
Project("{FAE04EC0-301F-11D3-BF4B-00C04F79EFBC}") = "DroneDeliveryService", "DroneDeliveryService\DroneDeliveryService.csproj", "{96914F43-9D5A-44B7-9C4E-2753C378A732}"
EndProject
Global
	GlobalSection(SolutionConfigurationPlatforms) = preSolution
		Debug|Any CPU = Debug|Any CPU
		Release|Any CPU = Release|Any CPU
	EndGlobalSection
	GlobalSection(ProjectConfigurationPlatforms) = postSolution
		{96914F43-9D5A-44B7-9C4E-2753C378A732}.Debug|Any CPU.ActiveCfg = Debug|Any CPU
		{96914F43-9D5A-44B7-9C4E-2753C378A732}.Debug|Any CPU.Build.0 = Debug|Any CPU
		{96914F43-9D5A-44B7-9C4E-2753C378A732}.Release|Any CPU.ActiveCfg = Release|Any CPU
		{96914F43-9D5A-44B7-9C4E-2753C378A732}.Release|Any CPU.Build.0 = Release|Any CPU
	EndGlobalSection
	GlobalSection(SolutionProperties) = preSolution
		HideSolutionNode = FALSE
	EndGlobalSection
	GlobalSection(ExtensibilityGlobals) = postSolution
		SolutionGuid = {72EF46E4-9660-4688-BAED-71378251AF12}
	EndGlobalSection
EndGlobal
